
Microsoft Visual Studio Solution File, Format Version 12.00
Project("{FAE04EC0-301F-11D3-BF4B-00C04F79EFBC}") = "CaProducer", "CaProducer\CaProducer.csproj", "{BD724FDD-C925-466E-957E-2E68118A1AEC}"
EndProject
Project("{2150E333-8FDC-42A3-9474-1A3956D46DE8}") = "AppCore.Services", "AppCore.Services", "{54F23B9C-6338-4F0E-B15D-7AB4092B9A43}"
EndProject
Project("{FAE04EC0-301F-11D3-BF4B-00C04F79EFBC}") = "Infrastructure.SystemFacade", "Infrastructure.SystemFacade\Infrastructure.SystemFacade.csproj", "{4A5AE0CE-40AC-463E-B08B-967ED0AC06B4}"
EndProject
Project("{FAE04EC0-301F-11D3-BF4B-00C04F79EFBC}") = "Consumer.CertificateInstaller", "Consumer.CertificateInstaller\Consumer.CertificateInstaller.csproj", "{0D09D102-E8D1-4957-B273-94AF77F90B29}"
EndProject
Project("{FAE04EC0-301F-11D3-BF4B-00C04F79EFBC}") = "Consumer.EmailSender", "Consumer.EmailSender\Consumer.EmailSender.csproj", "{290C11A1-9D67-4BBF-9016-75477A412C28}"
EndProject
Project("{2150E333-8FDC-42A3-9474-1A3956D46DE8}") = "Infrastructure", "Infrastructure", "{1690CB69-0981-4130-A1E1-C5ECA5849D04}"
EndProject
Project("{FAE04EC0-301F-11D3-BF4B-00C04F79EFBC}") = "Infrastructure.RabbitMQBase", "Infrastructure.RabbitMQBase\Infrastructure.RabbitMQBase.csproj", "{B58BD531-81B0-4F0E-9CCB-A634EE332C30}"
EndProject
Project("{FAE04EC0-301F-11D3-BF4B-00C04F79EFBC}") = "Infrastructure.EmailService", "Infrastructure.EmailService\Infrastructure.EmailService.csproj", "{23B4B561-8A6B-42CD-A7FD-986128C58324}"
EndProject
Project("{2150E333-8FDC-42A3-9474-1A3956D46DE8}") = "AppCore.Domain", "AppCore.Domain", "{38FEF94B-0E4F-4ACE-80BB-9FCAC2744CFD}"
EndProject
Project("{FAE04EC0-301F-11D3-BF4B-00C04F79EFBC}") = "Domain.Models", "Domain.Models\Domain.Models.csproj", "{0426AA8A-169B-4C40-8256-55B3B5972B14}"
EndProject
Project("{FAE04EC0-301F-11D3-BF4B-00C04F79EFBC}") = "Domain.Interfaces", "Domain.Interfaces\Domain.Interfaces.csproj", "{075C8831-E484-4424-B934-4CD324DCB6DF}"
EndProject
Project("{FAE04EC0-301F-11D3-BF4B-00C04F79EFBC}") = "Services.Interfaces", "Services.Interfaces\Services.Interfaces.csproj", "{E787F55B-6C68-4016-A74F-38FD37D7B94D}"
EndProject
Project("{FAE04EC0-301F-11D3-BF4B-00C04F79EFBC}") = "Infrastructure.Data", "Infrastructure.Data\Infrastructure.Data.csproj", "{08B6D138-3A65-47B8-B3CB-D42B6240EBC7}"
EndProject
Project("{FAE04EC0-301F-11D3-BF4B-00C04F79EFBC}") = "Infrastructure.Business", "Infrastructure.Business\Infrastructure.Business.csproj", "{6E9847D6-A0AA-4BB9-B7F8-376D60AAFA7C}"
EndProject
Project("{FAE04EC0-301F-11D3-BF4B-00C04F79EFBC}") = "Infrastructure.Interfaces", "Infrastructure.Interfaces\Infrastructure.Interfaces.csproj", "{8807DD23-73E2-4F4C-ACD3-0854354CD7D8}"
EndProject
Global
	GlobalSection(SolutionConfigurationPlatforms) = preSolution
		Debug|Any CPU = Debug|Any CPU
		Release|Any CPU = Release|Any CPU
	EndGlobalSection
	GlobalSection(ProjectConfigurationPlatforms) = postSolution
		{BD724FDD-C925-466E-957E-2E68118A1AEC}.Debug|Any CPU.ActiveCfg = Debug|Any CPU
		{BD724FDD-C925-466E-957E-2E68118A1AEC}.Debug|Any CPU.Build.0 = Debug|Any CPU
		{BD724FDD-C925-466E-957E-2E68118A1AEC}.Release|Any CPU.ActiveCfg = Release|Any CPU
		{BD724FDD-C925-466E-957E-2E68118A1AEC}.Release|Any CPU.Build.0 = Release|Any CPU
		{4A5AE0CE-40AC-463E-B08B-967ED0AC06B4}.Debug|Any CPU.ActiveCfg = Debug|Any CPU
		{4A5AE0CE-40AC-463E-B08B-967ED0AC06B4}.Debug|Any CPU.Build.0 = Debug|Any CPU
		{4A5AE0CE-40AC-463E-B08B-967ED0AC06B4}.Release|Any CPU.ActiveCfg = Release|Any CPU
		{4A5AE0CE-40AC-463E-B08B-967ED0AC06B4}.Release|Any CPU.Build.0 = Release|Any CPU
		{0D09D102-E8D1-4957-B273-94AF77F90B29}.Debug|Any CPU.ActiveCfg = Debug|Any CPU
		{0D09D102-E8D1-4957-B273-94AF77F90B29}.Debug|Any CPU.Build.0 = Debug|Any CPU
		{0D09D102-E8D1-4957-B273-94AF77F90B29}.Release|Any CPU.ActiveCfg = Release|Any CPU
		{0D09D102-E8D1-4957-B273-94AF77F90B29}.Release|Any CPU.Build.0 = Release|Any CPU
		{290C11A1-9D67-4BBF-9016-75477A412C28}.Debug|Any CPU.ActiveCfg = Debug|Any CPU
		{290C11A1-9D67-4BBF-9016-75477A412C28}.Debug|Any CPU.Build.0 = Debug|Any CPU
		{290C11A1-9D67-4BBF-9016-75477A412C28}.Release|Any CPU.ActiveCfg = Release|Any CPU
		{290C11A1-9D67-4BBF-9016-75477A412C28}.Release|Any CPU.Build.0 = Release|Any CPU
		{B58BD531-81B0-4F0E-9CCB-A634EE332C30}.Debug|Any CPU.ActiveCfg = Debug|Any CPU
		{B58BD531-81B0-4F0E-9CCB-A634EE332C30}.Debug|Any CPU.Build.0 = Debug|Any CPU
		{B58BD531-81B0-4F0E-9CCB-A634EE332C30}.Release|Any CPU.ActiveCfg = Release|Any CPU
		{B58BD531-81B0-4F0E-9CCB-A634EE332C30}.Release|Any CPU.Build.0 = Release|Any CPU
		{23B4B561-8A6B-42CD-A7FD-986128C58324}.Debug|Any CPU.ActiveCfg = Debug|Any CPU
		{23B4B561-8A6B-42CD-A7FD-986128C58324}.Debug|Any CPU.Build.0 = Debug|Any CPU
		{23B4B561-8A6B-42CD-A7FD-986128C58324}.Release|Any CPU.ActiveCfg = Release|Any CPU
		{23B4B561-8A6B-42CD-A7FD-986128C58324}.Release|Any CPU.Build.0 = Release|Any CPU
		{0426AA8A-169B-4C40-8256-55B3B5972B14}.Debug|Any CPU.ActiveCfg = Debug|Any CPU
		{0426AA8A-169B-4C40-8256-55B3B5972B14}.Debug|Any CPU.Build.0 = Debug|Any CPU
		{0426AA8A-169B-4C40-8256-55B3B5972B14}.Release|Any CPU.ActiveCfg = Release|Any CPU
		{0426AA8A-169B-4C40-8256-55B3B5972B14}.Release|Any CPU.Build.0 = Release|Any CPU
		{075C8831-E484-4424-B934-4CD324DCB6DF}.Debug|Any CPU.ActiveCfg = Debug|Any CPU
		{075C8831-E484-4424-B934-4CD324DCB6DF}.Debug|Any CPU.Build.0 = Debug|Any CPU
		{075C8831-E484-4424-B934-4CD324DCB6DF}.Release|Any CPU.ActiveCfg = Release|Any CPU
		{075C8831-E484-4424-B934-4CD324DCB6DF}.Release|Any CPU.Build.0 = Release|Any CPU
		{E787F55B-6C68-4016-A74F-38FD37D7B94D}.Debug|Any CPU.ActiveCfg = Debug|Any CPU
		{E787F55B-6C68-4016-A74F-38FD37D7B94D}.Debug|Any CPU.Build.0 = Debug|Any CPU
		{E787F55B-6C68-4016-A74F-38FD37D7B94D}.Release|Any CPU.ActiveCfg = Release|Any CPU
		{E787F55B-6C68-4016-A74F-38FD37D7B94D}.Release|Any CPU.Build.0 = Release|Any CPU
		{08B6D138-3A65-47B8-B3CB-D42B6240EBC7}.Debug|Any CPU.ActiveCfg = Debug|Any CPU
		{08B6D138-3A65-47B8-B3CB-D42B6240EBC7}.Debug|Any CPU.Build.0 = Debug|Any CPU
		{08B6D138-3A65-47B8-B3CB-D42B6240EBC7}.Release|Any CPU.ActiveCfg = Release|Any CPU
		{08B6D138-3A65-47B8-B3CB-D42B6240EBC7}.Release|Any CPU.Build.0 = Release|Any CPU
		{6E9847D6-A0AA-4BB9-B7F8-376D60AAFA7C}.Debug|Any CPU.ActiveCfg = Debug|Any CPU
		{6E9847D6-A0AA-4BB9-B7F8-376D60AAFA7C}.Debug|Any CPU.Build.0 = Debug|Any CPU
		{6E9847D6-A0AA-4BB9-B7F8-376D60AAFA7C}.Release|Any CPU.ActiveCfg = Release|Any CPU
		{6E9847D6-A0AA-4BB9-B7F8-376D60AAFA7C}.Release|Any CPU.Build.0 = Release|Any CPU
		{8807DD23-73E2-4F4C-ACD3-0854354CD7D8}.Debug|Any CPU.ActiveCfg = Debug|Any CPU
		{8807DD23-73E2-4F4C-ACD3-0854354CD7D8}.Debug|Any CPU.Build.0 = Debug|Any CPU
		{8807DD23-73E2-4F4C-ACD3-0854354CD7D8}.Release|Any CPU.ActiveCfg = Release|Any CPU
		{8807DD23-73E2-4F4C-ACD3-0854354CD7D8}.Release|Any CPU.Build.0 = Release|Any CPU
	EndGlobalSection
	GlobalSection(NestedProjects) = preSolution
		{B58BD531-81B0-4F0E-9CCB-A634EE332C30} = {1690CB69-0981-4130-A1E1-C5ECA5849D04}
		{23B4B561-8A6B-42CD-A7FD-986128C58324} = {1690CB69-0981-4130-A1E1-C5ECA5849D04}
		{0426AA8A-169B-4C40-8256-55B3B5972B14} = {38FEF94B-0E4F-4ACE-80BB-9FCAC2744CFD}
		{075C8831-E484-4424-B934-4CD324DCB6DF} = {38FEF94B-0E4F-4ACE-80BB-9FCAC2744CFD}
		{E787F55B-6C68-4016-A74F-38FD37D7B94D} = {54F23B9C-6338-4F0E-B15D-7AB4092B9A43}
		{08B6D138-3A65-47B8-B3CB-D42B6240EBC7} = {1690CB69-0981-4130-A1E1-C5ECA5849D04}
		{6E9847D6-A0AA-4BB9-B7F8-376D60AAFA7C} = {1690CB69-0981-4130-A1E1-C5ECA5849D04}
		{8807DD23-73E2-4F4C-ACD3-0854354CD7D8} = {1690CB69-0981-4130-A1E1-C5ECA5849D04}
		{4A5AE0CE-40AC-463E-B08B-967ED0AC06B4} = {1690CB69-0981-4130-A1E1-C5ECA5849D04}
	EndGlobalSection
EndGlobal
