
Microsoft Visual Studio Solution File, Format Version 12.00
Project("{FAE04EC0-301F-11D3-BF4B-00C04F79EFBC}") = "CaProducer", "CaProducer\CaProducer.csproj", "{BD724FDD-C925-466E-957E-2E68118A1AEC}"
EndProject
Project("{FAE04EC0-301F-11D3-BF4B-00C04F79EFBC}") = "Domain", "Domain\Domain.csproj", "{66AEB912-0858-4A26-BDD7-4DE97497BC34}"
EndProject
Project("{2150E333-8FDC-42A3-9474-1A3956D46DE8}") = "Core", "Core", "{F5BB67D3-1E1D-4446-A838-D13559D7D6DB}"
EndProject
Project("{2150E333-8FDC-42A3-9474-1A3956D46DE8}") = "Services", "Services", "{54F23B9C-6338-4F0E-B15D-7AB4092B9A43}"
EndProject
Project("{FAE04EC0-301F-11D3-BF4B-00C04F79EFBC}") = "BusinessFacade", "BusinessFacade\BusinessFacade.csproj", "{928DF286-11D0-4381-9B3B-9E0F492F2111}"
EndProject
Project("{FAE04EC0-301F-11D3-BF4B-00C04F79EFBC}") = "SystemFacade", "SystemFacade\SystemFacade.csproj", "{4A5AE0CE-40AC-463E-B08B-967ED0AC06B4}"
EndProject
Project("{FAE04EC0-301F-11D3-BF4B-00C04F79EFBC}") = "Consumer.CertificateInstaller", "Consumer.CertificateInstaller\Consumer.CertificateInstaller.csproj", "{0D09D102-E8D1-4957-B273-94AF77F90B29}"
EndProject
Project("{FAE04EC0-301F-11D3-BF4B-00C04F79EFBC}") = "Consumer.EmailSender", "Consumer.EmailSender\Consumer.EmailSender.csproj", "{290C11A1-9D67-4BBF-9016-75477A412C28}"
EndProject
Project("{2150E333-8FDC-42A3-9474-1A3956D46DE8}") = "Infrastructure", "Infrastructure", "{1690CB69-0981-4130-A1E1-C5ECA5849D04}"
EndProject
Project("{FAE04EC0-301F-11D3-BF4B-00C04F79EFBC}") = "RabbitMQBase", "RabbitMQBase\RabbitMQBase.csproj", "{B58BD531-81B0-4F0E-9CCB-A634EE332C30}"
EndProject
Project("{FAE04EC0-301F-11D3-BF4B-00C04F79EFBC}") = "EmailService", "EmailService\EmailService.csproj", "{23B4B561-8A6B-42CD-A7FD-986128C58324}"
EndProject
Global
	GlobalSection(SolutionConfigurationPlatforms) = preSolution
		Debug|Any CPU = Debug|Any CPU
		Release|Any CPU = Release|Any CPU
	EndGlobalSection
	GlobalSection(ProjectConfigurationPlatforms) = postSolution
		{BD724FDD-C925-466E-957E-2E68118A1AEC}.Debug|Any CPU.ActiveCfg = Debug|Any CPU
		{BD724FDD-C925-466E-957E-2E68118A1AEC}.Debug|Any CPU.Build.0 = Debug|Any CPU
		{BD724FDD-C925-466E-957E-2E68118A1AEC}.Release|Any CPU.ActiveCfg = Release|Any CPU
		{BD724FDD-C925-466E-957E-2E68118A1AEC}.Release|Any CPU.Build.0 = Release|Any CPU
		{66AEB912-0858-4A26-BDD7-4DE97497BC34}.Debug|Any CPU.ActiveCfg = Debug|Any CPU
		{66AEB912-0858-4A26-BDD7-4DE97497BC34}.Debug|Any CPU.Build.0 = Debug|Any CPU
		{66AEB912-0858-4A26-BDD7-4DE97497BC34}.Release|Any CPU.ActiveCfg = Release|Any CPU
		{66AEB912-0858-4A26-BDD7-4DE97497BC34}.Release|Any CPU.Build.0 = Release|Any CPU
		{928DF286-11D0-4381-9B3B-9E0F492F2111}.Debug|Any CPU.ActiveCfg = Debug|Any CPU
		{928DF286-11D0-4381-9B3B-9E0F492F2111}.Debug|Any CPU.Build.0 = Debug|Any CPU
		{928DF286-11D0-4381-9B3B-9E0F492F2111}.Release|Any CPU.ActiveCfg = Release|Any CPU
		{928DF286-11D0-4381-9B3B-9E0F492F2111}.Release|Any CPU.Build.0 = Release|Any CPU
		{4A5AE0CE-40AC-463E-B08B-967ED0AC06B4}.Debug|Any CPU.ActiveCfg = Debug|Any CPU
		{4A5AE0CE-40AC-463E-B08B-967ED0AC06B4}.Debug|Any CPU.Build.0 = Debug|Any CPU
		{4A5AE0CE-40AC-463E-B08B-967ED0AC06B4}.Release|Any CPU.ActiveCfg = Release|Any CPU
		{4A5AE0CE-40AC-463E-B08B-967ED0AC06B4}.Release|Any CPU.Build.0 = Release|Any CPU
		{0D09D102-E8D1-4957-B273-94AF77F90B29}.Debug|Any CPU.ActiveCfg = Debug|Any CPU
		{0D09D102-E8D1-4957-B273-94AF77F90B29}.Debug|Any CPU.Build.0 = Debug|Any CPU
		{0D09D102-E8D1-4957-B273-94AF77F90B29}.Release|Any CPU.ActiveCfg = Release|Any CPU
		{0D09D102-E8D1-4957-B273-94AF77F90B29}.Release|Any CPU.Build.0 = Release|Any CPU
		{290C11A1-9D67-4BBF-9016-75477A412C28}.Debug|Any CPU.ActiveCfg = Debug|Any CPU
		{290C11A1-9D67-4BBF-9016-75477A412C28}.Debug|Any CPU.Build.0 = Debug|Any CPU
		{290C11A1-9D67-4BBF-9016-75477A412C28}.Release|Any CPU.ActiveCfg = Release|Any CPU
		{290C11A1-9D67-4BBF-9016-75477A412C28}.Release|Any CPU.Build.0 = Release|Any CPU
		{B58BD531-81B0-4F0E-9CCB-A634EE332C30}.Debug|Any CPU.ActiveCfg = Debug|Any CPU
		{B58BD531-81B0-4F0E-9CCB-A634EE332C30}.Debug|Any CPU.Build.0 = Debug|Any CPU
		{B58BD531-81B0-4F0E-9CCB-A634EE332C30}.Release|Any CPU.ActiveCfg = Release|Any CPU
		{B58BD531-81B0-4F0E-9CCB-A634EE332C30}.Release|Any CPU.Build.0 = Release|Any CPU
		{23B4B561-8A6B-42CD-A7FD-986128C58324}.Debug|Any CPU.ActiveCfg = Debug|Any CPU
		{23B4B561-8A6B-42CD-A7FD-986128C58324}.Debug|Any CPU.Build.0 = Debug|Any CPU
		{23B4B561-8A6B-42CD-A7FD-986128C58324}.Release|Any CPU.ActiveCfg = Release|Any CPU
		{23B4B561-8A6B-42CD-A7FD-986128C58324}.Release|Any CPU.Build.0 = Release|Any CPU
	EndGlobalSection
	GlobalSection(NestedProjects) = preSolution
		{66AEB912-0858-4A26-BDD7-4DE97497BC34} = {F5BB67D3-1E1D-4446-A838-D13559D7D6DB}
		{BD724FDD-C925-466E-957E-2E68118A1AEC} = {54F23B9C-6338-4F0E-B15D-7AB4092B9A43}
		{928DF286-11D0-4381-9B3B-9E0F492F2111} = {F5BB67D3-1E1D-4446-A838-D13559D7D6DB}
		{4A5AE0CE-40AC-463E-B08B-967ED0AC06B4} = {F5BB67D3-1E1D-4446-A838-D13559D7D6DB}
		{0D09D102-E8D1-4957-B273-94AF77F90B29} = {54F23B9C-6338-4F0E-B15D-7AB4092B9A43}
		{290C11A1-9D67-4BBF-9016-75477A412C28} = {54F23B9C-6338-4F0E-B15D-7AB4092B9A43}
		{B58BD531-81B0-4F0E-9CCB-A634EE332C30} = {1690CB69-0981-4130-A1E1-C5ECA5849D04}
		{23B4B561-8A6B-42CD-A7FD-986128C58324} = {1690CB69-0981-4130-A1E1-C5ECA5849D04}
	EndGlobalSection
EndGlobal
